{
  "name": "wasm_farble",
  "version": "1.0.0",
  "lockfileVersion": 3,
  "requires": true,
  "packages": {
    "": {
      "name": "wasm_farble",
      "version": "1.0.0",
      "license": "GNU General Public License 3 or later",
      "devDependencies": {
        "assemblyscript": "^0.27.1"
      }
    },
    "node_modules/assemblyscript": {
      "version": "0.27.1",
      "resolved": "https://registry.npmjs.org/assemblyscript/-/assemblyscript-0.27.1.tgz",
      "integrity": "sha512-0ZS9ujdoSAjuwc+qdZ4PeZy32wFh3U2GVy7/G2dfDr/5i0jOmWY29AaFsiNxDQ7z6MOeTo9YpNLfIqZ1WWzh8A==",
      "dev": true,
      "dependencies": {
        "binaryen": "111.0.0-nightly.20230202",
        "long": "^5.2.1"
      },
      "bin": {
        "asc": "bin/asc.js",
        "asinit": "bin/asinit.js"
      },
      "engines": {
        "node": ">=16",
        "npm": ">=7"
      },
      "funding": {
        "type": "opencollective",
        "url": "https://opencollective.com/assemblyscript"
      }
    },
    "node_modules/binaryen": {
      "version": "111.0.0-nightly.20230202",
      "resolved": "https://registry.npmjs.org/binaryen/-/binaryen-111.0.0-nightly.20230202.tgz",
      "integrity": "sha512-aGMDtxmc8zQHzAamyOBvO38n2e/GuXM0dZCJg+IuG2YUQODTqI37XSkAixS8c0wXn2dgLntDMk1VDblKCsy0GA==",
      "dev": true,
      "bin": {
        "wasm-opt": "bin/wasm-opt",
        "wasm2js": "bin/wasm2js"
      }
    },
    "node_modules/long": {
      "version": "5.2.1",
      "resolved": "https://registry.npmjs.org/long/-/long-5.2.1.tgz",
      "integrity": "sha512-GKSNGeNAtw8IryjjkhZxuKB3JzlcLTwjtiQCHKvqQet81I93kXslhDQruGI/QsddO83mcDToBVy7GqGS/zYf/A==",
      "dev": true
    }
  }
}
